
Microsoft Visual Studio Solution File, Format Version 12.00
# Visual Studio 15
VisualStudioVersion = 15.0.28307.539
MinimumVisualStudioVersion = 10.0.40219.1
Project("{FAE04EC0-301F-11D3-BF4B-00C04F79EFBC}") = "IB150218", "IB150218\IB150218.csproj", "{4AAC6466-6A28-4EA4-A2B4-226312558982}"
EndProject
Project("{FAE04EC0-301F-11D3-BF4B-00C04F79EFBC}") = "IB150218_APII", "IB150218_APII\IB150218_APII.csproj", "{EED4B625-AC02-4CE9-967B-34CB9D09CB59}"
EndProject
Project("{FAE04EC0-301F-11D3-BF4B-00C04F79EFBC}") = "IB150218_MOBILE.Android", "IB150218_MOBILE\IB150218_MOBILE.Android\IB150218_MOBILE.Android.csproj", "{C01E895A-F8B5-4A8A-92A4-1B5687E2BF87}"
EndProject
Project("{FAE04EC0-301F-11D3-BF4B-00C04F79EFBC}") = "IB150218_MOBILE.iOS", "IB150218_MOBILE\IB150218_MOBILE.iOS\IB150218_MOBILE.iOS.csproj", "{BF89D800-3922-4FA5-AA3B-48DFE85F0E37}"
EndProject
Project("{FAE04EC0-301F-11D3-BF4B-00C04F79EFBC}") = "IB150218_MOBILE.UWP", "IB150218_MOBILE\IB150218_MOBILE.UWP\IB150218_MOBILE.UWP.csproj", "{A4D7C5C8-9176-4308-8FAB-455890FAE463}"
EndProject
Project("{D954291E-2A0B-460D-934E-DC6B0785DB48}") = "IB150218_MOBILE", "IB150218_MOBILE\IB150218_MOBILE\IB150218_MOBILE.shproj", "{0B212868-C279-4CD1-9326-6EBAC981FAD5}"
EndProject
Project("{FAE04EC0-301F-11D3-BF4B-00C04F79EFBC}") = "IB150218_PCL", "IB150218_PCL\IB150218_PCL.csproj", "{D4637DE8-4412-4616-A188-BBFA81B6AAA9}"
EndProject
Global
	GlobalSection(SharedMSBuildProjectFiles) = preSolution
		IB150218_MOBILE\IB150218_MOBILE\IB150218_MOBILE.projitems*{0b212868-c279-4cd1-9326-6ebac981fad5}*SharedItemsImports = 13
		IB150218_MOBILE\IB150218_MOBILE\IB150218_MOBILE.projitems*{a4d7c5c8-9176-4308-8fab-455890fae463}*SharedItemsImports = 4
		IB150218_MOBILE\IB150218_MOBILE\IB150218_MOBILE.projitems*{bf89d800-3922-4fa5-aa3b-48dfe85f0e37}*SharedItemsImports = 4
		IB150218_MOBILE\IB150218_MOBILE\IB150218_MOBILE.projitems*{c01e895a-f8b5-4a8a-92a4-1b5687e2bf87}*SharedItemsImports = 4
	EndGlobalSection
	GlobalSection(SolutionConfigurationPlatforms) = preSolution
		Ad-Hoc|Any CPU = Ad-Hoc|Any CPU
		Ad-Hoc|ARM = Ad-Hoc|ARM
		Ad-Hoc|ARM64 = Ad-Hoc|ARM64
		Ad-Hoc|iPhone = Ad-Hoc|iPhone
		Ad-Hoc|iPhoneSimulator = Ad-Hoc|iPhoneSimulator
		Ad-Hoc|x64 = Ad-Hoc|x64
		Ad-Hoc|x86 = Ad-Hoc|x86
		AppStore|Any CPU = AppStore|Any CPU
		AppStore|ARM = AppStore|ARM
		AppStore|ARM64 = AppStore|ARM64
		AppStore|iPhone = AppStore|iPhone
		AppStore|iPhoneSimulator = AppStore|iPhoneSimulator
		AppStore|x64 = AppStore|x64
		AppStore|x86 = AppStore|x86
		Debug|Any CPU = Debug|Any CPU
		Debug|ARM = Debug|ARM
		Debug|ARM64 = Debug|ARM64
		Debug|iPhone = Debug|iPhone
		Debug|iPhoneSimulator = Debug|iPhoneSimulator
		Debug|x64 = Debug|x64
		Debug|x86 = Debug|x86
		Release|Any CPU = Release|Any CPU
		Release|ARM = Release|ARM
		Release|ARM64 = Release|ARM64
		Release|iPhone = Release|iPhone
		Release|iPhoneSimulator = Release|iPhoneSimulator
		Release|x64 = Release|x64
		Release|x86 = Release|x86
	EndGlobalSection
	GlobalSection(ProjectConfigurationPlatforms) = postSolution
		{4AAC6466-6A28-4EA4-A2B4-226312558982}.Ad-Hoc|Any CPU.ActiveCfg = Release|Any CPU
		{4AAC6466-6A28-4EA4-A2B4-226312558982}.Ad-Hoc|Any CPU.Build.0 = Release|Any CPU
		{4AAC6466-6A28-4EA4-A2B4-226312558982}.Ad-Hoc|ARM.ActiveCfg = Release|Any CPU
		{4AAC6466-6A28-4EA4-A2B4-226312558982}.Ad-Hoc|ARM.Build.0 = Release|Any CPU
		{4AAC6466-6A28-4EA4-A2B4-226312558982}.Ad-Hoc|ARM64.ActiveCfg = Release|Any CPU
		{4AAC6466-6A28-4EA4-A2B4-226312558982}.Ad-Hoc|ARM64.Build.0 = Release|Any CPU
		{4AAC6466-6A28-4EA4-A2B4-226312558982}.Ad-Hoc|iPhone.ActiveCfg = Release|Any CPU
		{4AAC6466-6A28-4EA4-A2B4-226312558982}.Ad-Hoc|iPhone.Build.0 = Release|Any CPU
		{4AAC6466-6A28-4EA4-A2B4-226312558982}.Ad-Hoc|iPhoneSimulator.ActiveCfg = Release|Any CPU
		{4AAC6466-6A28-4EA4-A2B4-226312558982}.Ad-Hoc|iPhoneSimulator.Build.0 = Release|Any CPU
		{4AAC6466-6A28-4EA4-A2B4-226312558982}.Ad-Hoc|x64.ActiveCfg = Release|Any CPU
		{4AAC6466-6A28-4EA4-A2B4-226312558982}.Ad-Hoc|x64.Build.0 = Release|Any CPU
		{4AAC6466-6A28-4EA4-A2B4-226312558982}.Ad-Hoc|x86.ActiveCfg = Release|Any CPU
		{4AAC6466-6A28-4EA4-A2B4-226312558982}.Ad-Hoc|x86.Build.0 = Release|Any CPU
		{4AAC6466-6A28-4EA4-A2B4-226312558982}.AppStore|Any CPU.ActiveCfg = Release|Any CPU
		{4AAC6466-6A28-4EA4-A2B4-226312558982}.AppStore|Any CPU.Build.0 = Release|Any CPU
		{4AAC6466-6A28-4EA4-A2B4-226312558982}.AppStore|ARM.ActiveCfg = Release|Any CPU
		{4AAC6466-6A28-4EA4-A2B4-226312558982}.AppStore|ARM.Build.0 = Release|Any CPU
		{4AAC6466-6A28-4EA4-A2B4-226312558982}.AppStore|ARM64.ActiveCfg = Release|Any CPU
		{4AAC6466-6A28-4EA4-A2B4-226312558982}.AppStore|ARM64.Build.0 = Release|Any CPU
		{4AAC6466-6A28-4EA4-A2B4-226312558982}.AppStore|iPhone.ActiveCfg = Release|Any CPU
		{4AAC6466-6A28-4EA4-A2B4-226312558982}.AppStore|iPhone.Build.0 = Release|Any CPU
		{4AAC6466-6A28-4EA4-A2B4-226312558982}.AppStore|iPhoneSimulator.ActiveCfg = Release|Any CPU
		{4AAC6466-6A28-4EA4-A2B4-226312558982}.AppStore|iPhoneSimulator.Build.0 = Release|Any CPU
		{4AAC6466-6A28-4EA4-A2B4-226312558982}.AppStore|x64.ActiveCfg = Release|Any CPU
		{4AAC6466-6A28-4EA4-A2B4-226312558982}.AppStore|x64.Build.0 = Release|Any CPU
		{4AAC6466-6A28-4EA4-A2B4-226312558982}.AppStore|x86.ActiveCfg = Release|Any CPU
		{4AAC6466-6A28-4EA4-A2B4-226312558982}.AppStore|x86.Build.0 = Release|Any CPU
		{4AAC6466-6A28-4EA4-A2B4-226312558982}.Debug|Any CPU.ActiveCfg = Debug|Any CPU
		{4AAC6466-6A28-4EA4-A2B4-226312558982}.Debug|Any CPU.Build.0 = Debug|Any CPU
		{4AAC6466-6A28-4EA4-A2B4-226312558982}.Debug|ARM.ActiveCfg = Debug|Any CPU
		{4AAC6466-6A28-4EA4-A2B4-226312558982}.Debug|ARM.Build.0 = Debug|Any CPU
		{4AAC6466-6A28-4EA4-A2B4-226312558982}.Debug|ARM64.ActiveCfg = Debug|Any CPU
		{4AAC6466-6A28-4EA4-A2B4-226312558982}.Debug|ARM64.Build.0 = Debug|Any CPU
		{4AAC6466-6A28-4EA4-A2B4-226312558982}.Debug|iPhone.ActiveCfg = Debug|Any CPU
		{4AAC6466-6A28-4EA4-A2B4-226312558982}.Debug|iPhone.Build.0 = Debug|Any CPU
		{4AAC6466-6A28-4EA4-A2B4-226312558982}.Debug|iPhoneSimulator.ActiveCfg = Debug|Any CPU
		{4AAC6466-6A28-4EA4-A2B4-226312558982}.Debug|iPhoneSimulator.Build.0 = Debug|Any CPU
		{4AAC6466-6A28-4EA4-A2B4-226312558982}.Debug|x64.ActiveCfg = Debug|Any CPU
		{4AAC6466-6A28-4EA4-A2B4-226312558982}.Debug|x64.Build.0 = Debug|Any CPU
		{4AAC6466-6A28-4EA4-A2B4-226312558982}.Debug|x86.ActiveCfg = Debug|Any CPU
		{4AAC6466-6A28-4EA4-A2B4-226312558982}.Debug|x86.Build.0 = Debug|Any CPU
		{4AAC6466-6A28-4EA4-A2B4-226312558982}.Release|Any CPU.ActiveCfg = Release|Any CPU
		{4AAC6466-6A28-4EA4-A2B4-226312558982}.Release|Any CPU.Build.0 = Release|Any CPU
		{4AAC6466-6A28-4EA4-A2B4-226312558982}.Release|ARM.ActiveCfg = Release|Any CPU
		{4AAC6466-6A28-4EA4-A2B4-226312558982}.Release|ARM.Build.0 = Release|Any CPU
		{4AAC6466-6A28-4EA4-A2B4-226312558982}.Release|ARM64.ActiveCfg = Release|Any CPU
		{4AAC6466-6A28-4EA4-A2B4-226312558982}.Release|ARM64.Build.0 = Release|Any CPU
		{4AAC6466-6A28-4EA4-A2B4-226312558982}.Release|iPhone.ActiveCfg = Release|Any CPU
		{4AAC6466-6A28-4EA4-A2B4-226312558982}.Release|iPhone.Build.0 = Release|Any CPU
		{4AAC6466-6A28-4EA4-A2B4-226312558982}.Release|iPhoneSimulator.ActiveCfg = Release|Any CPU
		{4AAC6466-6A28-4EA4-A2B4-226312558982}.Release|iPhoneSimulator.Build.0 = Release|Any CPU
		{4AAC6466-6A28-4EA4-A2B4-226312558982}.Release|x64.ActiveCfg = Release|Any CPU
		{4AAC6466-6A28-4EA4-A2B4-226312558982}.Release|x64.Build.0 = Release|Any CPU
		{4AAC6466-6A28-4EA4-A2B4-226312558982}.Release|x86.ActiveCfg = Release|Any CPU
		{4AAC6466-6A28-4EA4-A2B4-226312558982}.Release|x86.Build.0 = Release|Any CPU
		{EED4B625-AC02-4CE9-967B-34CB9D09CB59}.Ad-Hoc|Any CPU.ActiveCfg = Release|Any CPU
		{EED4B625-AC02-4CE9-967B-34CB9D09CB59}.Ad-Hoc|Any CPU.Build.0 = Release|Any CPU
		{EED4B625-AC02-4CE9-967B-34CB9D09CB59}.Ad-Hoc|ARM.ActiveCfg = Release|Any CPU
		{EED4B625-AC02-4CE9-967B-34CB9D09CB59}.Ad-Hoc|ARM.Build.0 = Release|Any CPU
		{EED4B625-AC02-4CE9-967B-34CB9D09CB59}.Ad-Hoc|ARM64.ActiveCfg = Release|Any CPU
		{EED4B625-AC02-4CE9-967B-34CB9D09CB59}.Ad-Hoc|ARM64.Build.0 = Release|Any CPU
		{EED4B625-AC02-4CE9-967B-34CB9D09CB59}.Ad-Hoc|iPhone.ActiveCfg = Release|Any CPU
		{EED4B625-AC02-4CE9-967B-34CB9D09CB59}.Ad-Hoc|iPhone.Build.0 = Release|Any CPU
		{EED4B625-AC02-4CE9-967B-34CB9D09CB59}.Ad-Hoc|iPhoneSimulator.ActiveCfg = Release|Any CPU
		{EED4B625-AC02-4CE9-967B-34CB9D09CB59}.Ad-Hoc|iPhoneSimulator.Build.0 = Release|Any CPU
		{EED4B625-AC02-4CE9-967B-34CB9D09CB59}.Ad-Hoc|x64.ActiveCfg = Release|Any CPU
		{EED4B625-AC02-4CE9-967B-34CB9D09CB59}.Ad-Hoc|x64.Build.0 = Release|Any CPU
		{EED4B625-AC02-4CE9-967B-34CB9D09CB59}.Ad-Hoc|x86.ActiveCfg = Release|Any CPU
		{EED4B625-AC02-4CE9-967B-34CB9D09CB59}.Ad-Hoc|x86.Build.0 = Release|Any CPU
		{EED4B625-AC02-4CE9-967B-34CB9D09CB59}.AppStore|Any CPU.ActiveCfg = Release|Any CPU
		{EED4B625-AC02-4CE9-967B-34CB9D09CB59}.AppStore|Any CPU.Build.0 = Release|Any CPU
		{EED4B625-AC02-4CE9-967B-34CB9D09CB59}.AppStore|ARM.ActiveCfg = Release|Any CPU
		{EED4B625-AC02-4CE9-967B-34CB9D09CB59}.AppStore|ARM.Build.0 = Release|Any CPU
		{EED4B625-AC02-4CE9-967B-34CB9D09CB59}.AppStore|ARM64.ActiveCfg = Release|Any CPU
		{EED4B625-AC02-4CE9-967B-34CB9D09CB59}.AppStore|ARM64.Build.0 = Release|Any CPU
		{EED4B625-AC02-4CE9-967B-34CB9D09CB59}.AppStore|iPhone.ActiveCfg = Release|Any CPU
		{EED4B625-AC02-4CE9-967B-34CB9D09CB59}.AppStore|iPhone.Build.0 = Release|Any CPU
		{EED4B625-AC02-4CE9-967B-34CB9D09CB59}.AppStore|iPhoneSimulator.ActiveCfg = Release|Any CPU
		{EED4B625-AC02-4CE9-967B-34CB9D09CB59}.AppStore|iPhoneSimulator.Build.0 = Release|Any CPU
		{EED4B625-AC02-4CE9-967B-34CB9D09CB59}.AppStore|x64.ActiveCfg = Release|Any CPU
		{EED4B625-AC02-4CE9-967B-34CB9D09CB59}.AppStore|x64.Build.0 = Release|Any CPU
		{EED4B625-AC02-4CE9-967B-34CB9D09CB59}.AppStore|x86.ActiveCfg = Release|Any CPU
		{EED4B625-AC02-4CE9-967B-34CB9D09CB59}.AppStore|x86.Build.0 = Release|Any CPU
		{EED4B625-AC02-4CE9-967B-34CB9D09CB59}.Debug|Any CPU.ActiveCfg = Debug|Any CPU
		{EED4B625-AC02-4CE9-967B-34CB9D09CB59}.Debug|Any CPU.Build.0 = Debug|Any CPU
		{EED4B625-AC02-4CE9-967B-34CB9D09CB59}.Debug|ARM.ActiveCfg = Debug|Any CPU
		{EED4B625-AC02-4CE9-967B-34CB9D09CB59}.Debug|ARM.Build.0 = Debug|Any CPU
		{EED4B625-AC02-4CE9-967B-34CB9D09CB59}.Debug|ARM64.ActiveCfg = Debug|Any CPU
		{EED4B625-AC02-4CE9-967B-34CB9D09CB59}.Debug|ARM64.Build.0 = Debug|Any CPU
		{EED4B625-AC02-4CE9-967B-34CB9D09CB59}.Debug|iPhone.ActiveCfg = Debug|Any CPU
		{EED4B625-AC02-4CE9-967B-34CB9D09CB59}.Debug|iPhone.Build.0 = Debug|Any CPU
		{EED4B625-AC02-4CE9-967B-34CB9D09CB59}.Debug|iPhoneSimulator.ActiveCfg = Debug|Any CPU
		{EED4B625-AC02-4CE9-967B-34CB9D09CB59}.Debug|iPhoneSimulator.Build.0 = Debug|Any CPU
		{EED4B625-AC02-4CE9-967B-34CB9D09CB59}.Debug|x64.ActiveCfg = Debug|Any CPU
		{EED4B625-AC02-4CE9-967B-34CB9D09CB59}.Debug|x64.Build.0 = Debug|Any CPU
		{EED4B625-AC02-4CE9-967B-34CB9D09CB59}.Debug|x86.ActiveCfg = Debug|Any CPU
		{EED4B625-AC02-4CE9-967B-34CB9D09CB59}.Debug|x86.Build.0 = Debug|Any CPU
		{EED4B625-AC02-4CE9-967B-34CB9D09CB59}.Release|Any CPU.ActiveCfg = Release|Any CPU
		{EED4B625-AC02-4CE9-967B-34CB9D09CB59}.Release|Any CPU.Build.0 = Release|Any CPU
		{EED4B625-AC02-4CE9-967B-34CB9D09CB59}.Release|ARM.ActiveCfg = Release|Any CPU
		{EED4B625-AC02-4CE9-967B-34CB9D09CB59}.Release|ARM.Build.0 = Release|Any CPU
		{EED4B625-AC02-4CE9-967B-34CB9D09CB59}.Release|ARM64.ActiveCfg = Release|Any CPU
		{EED4B625-AC02-4CE9-967B-34CB9D09CB59}.Release|ARM64.Build.0 = Release|Any CPU
		{EED4B625-AC02-4CE9-967B-34CB9D09CB59}.Release|iPhone.ActiveCfg = Release|Any CPU
		{EED4B625-AC02-4CE9-967B-34CB9D09CB59}.Release|iPhone.Build.0 = Release|Any CPU
		{EED4B625-AC02-4CE9-967B-34CB9D09CB59}.Release|iPhoneSimulator.ActiveCfg = Release|Any CPU
		{EED4B625-AC02-4CE9-967B-34CB9D09CB59}.Release|iPhoneSimulator.Build.0 = Release|Any CPU
		{EED4B625-AC02-4CE9-967B-34CB9D09CB59}.Release|x64.ActiveCfg = Release|Any CPU
		{EED4B625-AC02-4CE9-967B-34CB9D09CB59}.Release|x64.Build.0 = Release|Any CPU
		{EED4B625-AC02-4CE9-967B-34CB9D09CB59}.Release|x86.ActiveCfg = Release|Any CPU
		{EED4B625-AC02-4CE9-967B-34CB9D09CB59}.Release|x86.Build.0 = Release|Any CPU
		{C01E895A-F8B5-4A8A-92A4-1B5687E2BF87}.Ad-Hoc|Any CPU.ActiveCfg = Release|Any CPU
		{C01E895A-F8B5-4A8A-92A4-1B5687E2BF87}.Ad-Hoc|Any CPU.Build.0 = Release|Any CPU
		{C01E895A-F8B5-4A8A-92A4-1B5687E2BF87}.Ad-Hoc|Any CPU.Deploy.0 = Release|Any CPU
		{C01E895A-F8B5-4A8A-92A4-1B5687E2BF87}.Ad-Hoc|ARM.ActiveCfg = Release|Any CPU
		{C01E895A-F8B5-4A8A-92A4-1B5687E2BF87}.Ad-Hoc|ARM.Build.0 = Release|Any CPU
		{C01E895A-F8B5-4A8A-92A4-1B5687E2BF87}.Ad-Hoc|ARM.Deploy.0 = Release|Any CPU
		{C01E895A-F8B5-4A8A-92A4-1B5687E2BF87}.Ad-Hoc|ARM64.ActiveCfg = Release|Any CPU
		{C01E895A-F8B5-4A8A-92A4-1B5687E2BF87}.Ad-Hoc|ARM64.Build.0 = Release|Any CPU
		{C01E895A-F8B5-4A8A-92A4-1B5687E2BF87}.Ad-Hoc|ARM64.Deploy.0 = Release|Any CPU
		{C01E895A-F8B5-4A8A-92A4-1B5687E2BF87}.Ad-Hoc|iPhone.ActiveCfg = Release|Any CPU
		{C01E895A-F8B5-4A8A-92A4-1B5687E2BF87}.Ad-Hoc|iPhone.Build.0 = Release|Any CPU
		{C01E895A-F8B5-4A8A-92A4-1B5687E2BF87}.Ad-Hoc|iPhone.Deploy.0 = Release|Any CPU
		{C01E895A-F8B5-4A8A-92A4-1B5687E2BF87}.Ad-Hoc|iPhoneSimulator.ActiveCfg = Release|Any CPU
		{C01E895A-F8B5-4A8A-92A4-1B5687E2BF87}.Ad-Hoc|iPhoneSimulator.Build.0 = Release|Any CPU
		{C01E895A-F8B5-4A8A-92A4-1B5687E2BF87}.Ad-Hoc|iPhoneSimulator.Deploy.0 = Release|Any CPU
		{C01E895A-F8B5-4A8A-92A4-1B5687E2BF87}.Ad-Hoc|x64.ActiveCfg = Release|Any CPU
		{C01E895A-F8B5-4A8A-92A4-1B5687E2BF87}.Ad-Hoc|x64.Build.0 = Release|Any CPU
		{C01E895A-F8B5-4A8A-92A4-1B5687E2BF87}.Ad-Hoc|x64.Deploy.0 = Release|Any CPU
		{C01E895A-F8B5-4A8A-92A4-1B5687E2BF87}.Ad-Hoc|x86.ActiveCfg = Release|Any CPU
		{C01E895A-F8B5-4A8A-92A4-1B5687E2BF87}.Ad-Hoc|x86.Build.0 = Release|Any CPU
		{C01E895A-F8B5-4A8A-92A4-1B5687E2BF87}.Ad-Hoc|x86.Deploy.0 = Release|Any CPU
		{C01E895A-F8B5-4A8A-92A4-1B5687E2BF87}.AppStore|Any CPU.ActiveCfg = Release|Any CPU
		{C01E895A-F8B5-4A8A-92A4-1B5687E2BF87}.AppStore|Any CPU.Build.0 = Release|Any CPU
		{C01E895A-F8B5-4A8A-92A4-1B5687E2BF87}.AppStore|Any CPU.Deploy.0 = Release|Any CPU
		{C01E895A-F8B5-4A8A-92A4-1B5687E2BF87}.AppStore|ARM.ActiveCfg = Release|Any CPU
		{C01E895A-F8B5-4A8A-92A4-1B5687E2BF87}.AppStore|ARM.Build.0 = Release|Any CPU
		{C01E895A-F8B5-4A8A-92A4-1B5687E2BF87}.AppStore|ARM.Deploy.0 = Release|Any CPU
		{C01E895A-F8B5-4A8A-92A4-1B5687E2BF87}.AppStore|ARM64.ActiveCfg = Release|Any CPU
		{C01E895A-F8B5-4A8A-92A4-1B5687E2BF87}.AppStore|ARM64.Build.0 = Release|Any CPU
		{C01E895A-F8B5-4A8A-92A4-1B5687E2BF87}.AppStore|ARM64.Deploy.0 = Release|Any CPU
		{C01E895A-F8B5-4A8A-92A4-1B5687E2BF87}.AppStore|iPhone.ActiveCfg = Release|Any CPU
		{C01E895A-F8B5-4A8A-92A4-1B5687E2BF87}.AppStore|iPhone.Build.0 = Release|Any CPU
		{C01E895A-F8B5-4A8A-92A4-1B5687E2BF87}.AppStore|iPhone.Deploy.0 = Release|Any CPU
		{C01E895A-F8B5-4A8A-92A4-1B5687E2BF87}.AppStore|iPhoneSimulator.ActiveCfg = Release|Any CPU
		{C01E895A-F8B5-4A8A-92A4-1B5687E2BF87}.AppStore|iPhoneSimulator.Build.0 = Release|Any CPU
		{C01E895A-F8B5-4A8A-92A4-1B5687E2BF87}.AppStore|iPhoneSimulator.Deploy.0 = Release|Any CPU
		{C01E895A-F8B5-4A8A-92A4-1B5687E2BF87}.AppStore|x64.ActiveCfg = Release|Any CPU
		{C01E895A-F8B5-4A8A-92A4-1B5687E2BF87}.AppStore|x64.Build.0 = Release|Any CPU
		{C01E895A-F8B5-4A8A-92A4-1B5687E2BF87}.AppStore|x64.Deploy.0 = Release|Any CPU
		{C01E895A-F8B5-4A8A-92A4-1B5687E2BF87}.AppStore|x86.ActiveCfg = Release|Any CPU
		{C01E895A-F8B5-4A8A-92A4-1B5687E2BF87}.AppStore|x86.Build.0 = Release|Any CPU
		{C01E895A-F8B5-4A8A-92A4-1B5687E2BF87}.AppStore|x86.Deploy.0 = Release|Any CPU
		{C01E895A-F8B5-4A8A-92A4-1B5687E2BF87}.Debug|Any CPU.ActiveCfg = Debug|Any CPU
		{C01E895A-F8B5-4A8A-92A4-1B5687E2BF87}.Debug|Any CPU.Build.0 = Debug|Any CPU
		{C01E895A-F8B5-4A8A-92A4-1B5687E2BF87}.Debug|Any CPU.Deploy.0 = Debug|Any CPU
		{C01E895A-F8B5-4A8A-92A4-1B5687E2BF87}.Debug|ARM.ActiveCfg = Debug|Any CPU
		{C01E895A-F8B5-4A8A-92A4-1B5687E2BF87}.Debug|ARM.Build.0 = Debug|Any CPU
		{C01E895A-F8B5-4A8A-92A4-1B5687E2BF87}.Debug|ARM.Deploy.0 = Debug|Any CPU
		{C01E895A-F8B5-4A8A-92A4-1B5687E2BF87}.Debug|ARM64.ActiveCfg = Debug|Any CPU
		{C01E895A-F8B5-4A8A-92A4-1B5687E2BF87}.Debug|ARM64.Build.0 = Debug|Any CPU
		{C01E895A-F8B5-4A8A-92A4-1B5687E2BF87}.Debug|ARM64.Deploy.0 = Debug|Any CPU
		{C01E895A-F8B5-4A8A-92A4-1B5687E2BF87}.Debug|iPhone.ActiveCfg = Debug|Any CPU
		{C01E895A-F8B5-4A8A-92A4-1B5687E2BF87}.Debug|iPhone.Build.0 = Debug|Any CPU
		{C01E895A-F8B5-4A8A-92A4-1B5687E2BF87}.Debug|iPhone.Deploy.0 = Debug|Any CPU
		{C01E895A-F8B5-4A8A-92A4-1B5687E2BF87}.Debug|iPhoneSimulator.ActiveCfg = Debug|Any CPU
		{C01E895A-F8B5-4A8A-92A4-1B5687E2BF87}.Debug|iPhoneSimulator.Build.0 = Debug|Any CPU
		{C01E895A-F8B5-4A8A-92A4-1B5687E2BF87}.Debug|iPhoneSimulator.Deploy.0 = Debug|Any CPU
		{C01E895A-F8B5-4A8A-92A4-1B5687E2BF87}.Debug|x64.ActiveCfg = Debug|Any CPU
		{C01E895A-F8B5-4A8A-92A4-1B5687E2BF87}.Debug|x64.Build.0 = Debug|Any CPU
		{C01E895A-F8B5-4A8A-92A4-1B5687E2BF87}.Debug|x64.Deploy.0 = Debug|Any CPU
		{C01E895A-F8B5-4A8A-92A4-1B5687E2BF87}.Debug|x86.ActiveCfg = Debug|Any CPU
		{C01E895A-F8B5-4A8A-92A4-1B5687E2BF87}.Debug|x86.Build.0 = Debug|Any CPU
		{C01E895A-F8B5-4A8A-92A4-1B5687E2BF87}.Debug|x86.Deploy.0 = Debug|Any CPU
		{C01E895A-F8B5-4A8A-92A4-1B5687E2BF87}.Release|Any CPU.ActiveCfg = Release|Any CPU
		{C01E895A-F8B5-4A8A-92A4-1B5687E2BF87}.Release|Any CPU.Build.0 = Release|Any CPU
		{C01E895A-F8B5-4A8A-92A4-1B5687E2BF87}.Release|Any CPU.Deploy.0 = Release|Any CPU
		{C01E895A-F8B5-4A8A-92A4-1B5687E2BF87}.Release|ARM.ActiveCfg = Release|Any CPU
		{C01E895A-F8B5-4A8A-92A4-1B5687E2BF87}.Release|ARM.Build.0 = Release|Any CPU
		{C01E895A-F8B5-4A8A-92A4-1B5687E2BF87}.Release|ARM.Deploy.0 = Release|Any CPU
		{C01E895A-F8B5-4A8A-92A4-1B5687E2BF87}.Release|ARM64.ActiveCfg = Release|Any CPU
		{C01E895A-F8B5-4A8A-92A4-1B5687E2BF87}.Release|ARM64.Build.0 = Release|Any CPU
		{C01E895A-F8B5-4A8A-92A4-1B5687E2BF87}.Release|ARM64.Deploy.0 = Release|Any CPU
		{C01E895A-F8B5-4A8A-92A4-1B5687E2BF87}.Release|iPhone.ActiveCfg = Release|Any CPU
		{C01E895A-F8B5-4A8A-92A4-1B5687E2BF87}.Release|iPhone.Build.0 = Release|Any CPU
		{C01E895A-F8B5-4A8A-92A4-1B5687E2BF87}.Release|iPhone.Deploy.0 = Release|Any CPU
		{C01E895A-F8B5-4A8A-92A4-1B5687E2BF87}.Release|iPhoneSimulator.ActiveCfg = Release|Any CPU
		{C01E895A-F8B5-4A8A-92A4-1B5687E2BF87}.Release|iPhoneSimulator.Build.0 = Release|Any CPU
		{C01E895A-F8B5-4A8A-92A4-1B5687E2BF87}.Release|iPhoneSimulator.Deploy.0 = Release|Any CPU
		{C01E895A-F8B5-4A8A-92A4-1B5687E2BF87}.Release|x64.ActiveCfg = Release|Any CPU
		{C01E895A-F8B5-4A8A-92A4-1B5687E2BF87}.Release|x64.Build.0 = Release|Any CPU
		{C01E895A-F8B5-4A8A-92A4-1B5687E2BF87}.Release|x64.Deploy.0 = Release|Any CPU
		{C01E895A-F8B5-4A8A-92A4-1B5687E2BF87}.Release|x86.ActiveCfg = Release|Any CPU
		{C01E895A-F8B5-4A8A-92A4-1B5687E2BF87}.Release|x86.Build.0 = Release|Any CPU
		{C01E895A-F8B5-4A8A-92A4-1B5687E2BF87}.Release|x86.Deploy.0 = Release|Any CPU
		{BF89D800-3922-4FA5-AA3B-48DFE85F0E37}.Ad-Hoc|Any CPU.ActiveCfg = Ad-Hoc|iPhone
		{BF89D800-3922-4FA5-AA3B-48DFE85F0E37}.Ad-Hoc|ARM.ActiveCfg = Ad-Hoc|iPhone
		{BF89D800-3922-4FA5-AA3B-48DFE85F0E37}.Ad-Hoc|ARM64.ActiveCfg = Ad-Hoc|iPhone
		{BF89D800-3922-4FA5-AA3B-48DFE85F0E37}.Ad-Hoc|iPhone.ActiveCfg = Ad-Hoc|iPhone
		{BF89D800-3922-4FA5-AA3B-48DFE85F0E37}.Ad-Hoc|iPhone.Build.0 = Ad-Hoc|iPhone
		{BF89D800-3922-4FA5-AA3B-48DFE85F0E37}.Ad-Hoc|iPhoneSimulator.ActiveCfg = Ad-Hoc|iPhoneSimulator
		{BF89D800-3922-4FA5-AA3B-48DFE85F0E37}.Ad-Hoc|iPhoneSimulator.Build.0 = Ad-Hoc|iPhoneSimulator
		{BF89D800-3922-4FA5-AA3B-48DFE85F0E37}.Ad-Hoc|x64.ActiveCfg = Ad-Hoc|iPhone
		{BF89D800-3922-4FA5-AA3B-48DFE85F0E37}.Ad-Hoc|x86.ActiveCfg = Ad-Hoc|iPhone
		{BF89D800-3922-4FA5-AA3B-48DFE85F0E37}.AppStore|Any CPU.ActiveCfg = AppStore|iPhone
		{BF89D800-3922-4FA5-AA3B-48DFE85F0E37}.AppStore|ARM.ActiveCfg = AppStore|iPhone
		{BF89D800-3922-4FA5-AA3B-48DFE85F0E37}.AppStore|ARM64.ActiveCfg = AppStore|iPhone
		{BF89D800-3922-4FA5-AA3B-48DFE85F0E37}.AppStore|iPhone.ActiveCfg = AppStore|iPhone
		{BF89D800-3922-4FA5-AA3B-48DFE85F0E37}.AppStore|iPhone.Build.0 = AppStore|iPhone
		{BF89D800-3922-4FA5-AA3B-48DFE85F0E37}.AppStore|iPhoneSimulator.ActiveCfg = AppStore|iPhoneSimulator
		{BF89D800-3922-4FA5-AA3B-48DFE85F0E37}.AppStore|iPhoneSimulator.Build.0 = AppStore|iPhoneSimulator
		{BF89D800-3922-4FA5-AA3B-48DFE85F0E37}.AppStore|x64.ActiveCfg = AppStore|iPhone
		{BF89D800-3922-4FA5-AA3B-48DFE85F0E37}.AppStore|x86.ActiveCfg = AppStore|iPhone
		{BF89D800-3922-4FA5-AA3B-48DFE85F0E37}.Debug|Any CPU.ActiveCfg = Debug|iPhone
		{BF89D800-3922-4FA5-AA3B-48DFE85F0E37}.Debug|ARM.ActiveCfg = Debug|iPhone
		{BF89D800-3922-4FA5-AA3B-48DFE85F0E37}.Debug|ARM64.ActiveCfg = Debug|iPhone
		{BF89D800-3922-4FA5-AA3B-48DFE85F0E37}.Debug|iPhone.ActiveCfg = Debug|iPhone
		{BF89D800-3922-4FA5-AA3B-48DFE85F0E37}.Debug|iPhone.Build.0 = Debug|iPhone
		{BF89D800-3922-4FA5-AA3B-48DFE85F0E37}.Debug|iPhoneSimulator.ActiveCfg = Debug|iPhoneSimulator
		{BF89D800-3922-4FA5-AA3B-48DFE85F0E37}.Debug|iPhoneSimulator.Build.0 = Debug|iPhoneSimulator
		{BF89D800-3922-4FA5-AA3B-48DFE85F0E37}.Debug|x64.ActiveCfg = Debug|iPhone
		{BF89D800-3922-4FA5-AA3B-48DFE85F0E37}.Debug|x86.ActiveCfg = Debug|iPhone
		{BF89D800-3922-4FA5-AA3B-48DFE85F0E37}.Release|Any CPU.ActiveCfg = Release|iPhone
		{BF89D800-3922-4FA5-AA3B-48DFE85F0E37}.Release|ARM.ActiveCfg = Release|iPhone
		{BF89D800-3922-4FA5-AA3B-48DFE85F0E37}.Release|ARM64.ActiveCfg = Release|iPhone
		{BF89D800-3922-4FA5-AA3B-48DFE85F0E37}.Release|iPhone.ActiveCfg = Release|iPhone
		{BF89D800-3922-4FA5-AA3B-48DFE85F0E37}.Release|iPhone.Build.0 = Release|iPhone
		{BF89D800-3922-4FA5-AA3B-48DFE85F0E37}.Release|iPhoneSimulator.ActiveCfg = Release|iPhoneSimulator
		{BF89D800-3922-4FA5-AA3B-48DFE85F0E37}.Release|iPhoneSimulator.Build.0 = Release|iPhoneSimulator
		{BF89D800-3922-4FA5-AA3B-48DFE85F0E37}.Release|x64.ActiveCfg = Release|iPhone
		{BF89D800-3922-4FA5-AA3B-48DFE85F0E37}.Release|x86.ActiveCfg = Release|iPhone
		{A4D7C5C8-9176-4308-8FAB-455890FAE463}.Ad-Hoc|Any CPU.ActiveCfg = Release|x86
		{A4D7C5C8-9176-4308-8FAB-455890FAE463}.Ad-Hoc|Any CPU.Build.0 = Release|x86
		{A4D7C5C8-9176-4308-8FAB-455890FAE463}.Ad-Hoc|Any CPU.Deploy.0 = Release|x86
		{A4D7C5C8-9176-4308-8FAB-455890FAE463}.Ad-Hoc|ARM.ActiveCfg = Release|ARM
		{A4D7C5C8-9176-4308-8FAB-455890FAE463}.Ad-Hoc|ARM.Build.0 = Release|ARM
		{A4D7C5C8-9176-4308-8FAB-455890FAE463}.Ad-Hoc|ARM.Deploy.0 = Release|ARM
		{A4D7C5C8-9176-4308-8FAB-455890FAE463}.Ad-Hoc|ARM64.ActiveCfg = Release|x86
		{A4D7C5C8-9176-4308-8FAB-455890FAE463}.Ad-Hoc|ARM64.Build.0 = Release|x86
		{A4D7C5C8-9176-4308-8FAB-455890FAE463}.Ad-Hoc|ARM64.Deploy.0 = Release|x86
		{A4D7C5C8-9176-4308-8FAB-455890FAE463}.Ad-Hoc|iPhone.ActiveCfg = Release|x86
		{A4D7C5C8-9176-4308-8FAB-455890FAE463}.Ad-Hoc|iPhone.Build.0 = Release|x86
		{A4D7C5C8-9176-4308-8FAB-455890FAE463}.Ad-Hoc|iPhone.Deploy.0 = Release|x86
		{A4D7C5C8-9176-4308-8FAB-455890FAE463}.Ad-Hoc|iPhoneSimulator.ActiveCfg = Release|x86
		{A4D7C5C8-9176-4308-8FAB-455890FAE463}.Ad-Hoc|iPhoneSimulator.Build.0 = Release|x86
		{A4D7C5C8-9176-4308-8FAB-455890FAE463}.Ad-Hoc|iPhoneSimulator.Deploy.0 = Release|x86
		{A4D7C5C8-9176-4308-8FAB-455890FAE463}.Ad-Hoc|x64.ActiveCfg = Release|x64
		{A4D7C5C8-9176-4308-8FAB-455890FAE463}.Ad-Hoc|x64.Build.0 = Release|x64
		{A4D7C5C8-9176-4308-8FAB-455890FAE463}.Ad-Hoc|x64.Deploy.0 = Release|x64
		{A4D7C5C8-9176-4308-8FAB-455890FAE463}.Ad-Hoc|x86.ActiveCfg = Release|x86
		{A4D7C5C8-9176-4308-8FAB-455890FAE463}.Ad-Hoc|x86.Build.0 = Release|x86
		{A4D7C5C8-9176-4308-8FAB-455890FAE463}.Ad-Hoc|x86.Deploy.0 = Release|x86
		{A4D7C5C8-9176-4308-8FAB-455890FAE463}.AppStore|Any CPU.ActiveCfg = Release|x86
		{A4D7C5C8-9176-4308-8FAB-455890FAE463}.AppStore|Any CPU.Build.0 = Release|x86
		{A4D7C5C8-9176-4308-8FAB-455890FAE463}.AppStore|Any CPU.Deploy.0 = Release|x86
		{A4D7C5C8-9176-4308-8FAB-455890FAE463}.AppStore|ARM.ActiveCfg = Release|ARM
		{A4D7C5C8-9176-4308-8FAB-455890FAE463}.AppStore|ARM.Build.0 = Release|ARM
		{A4D7C5C8-9176-4308-8FAB-455890FAE463}.AppStore|ARM.Deploy.0 = Release|ARM
		{A4D7C5C8-9176-4308-8FAB-455890FAE463}.AppStore|ARM64.ActiveCfg = Release|x86
		{A4D7C5C8-9176-4308-8FAB-455890FAE463}.AppStore|ARM64.Build.0 = Release|x86
		{A4D7C5C8-9176-4308-8FAB-455890FAE463}.AppStore|ARM64.Deploy.0 = Release|x86
		{A4D7C5C8-9176-4308-8FAB-455890FAE463}.AppStore|iPhone.ActiveCfg = Release|x86
		{A4D7C5C8-9176-4308-8FAB-455890FAE463}.AppStore|iPhone.Build.0 = Release|x86
		{A4D7C5C8-9176-4308-8FAB-455890FAE463}.AppStore|iPhone.Deploy.0 = Release|x86
		{A4D7C5C8-9176-4308-8FAB-455890FAE463}.AppStore|iPhoneSimulator.ActiveCfg = Release|x86
		{A4D7C5C8-9176-4308-8FAB-455890FAE463}.AppStore|iPhoneSimulator.Build.0 = Release|x86
		{A4D7C5C8-9176-4308-8FAB-455890FAE463}.AppStore|iPhoneSimulator.Deploy.0 = Release|x86
		{A4D7C5C8-9176-4308-8FAB-455890FAE463}.AppStore|x64.ActiveCfg = Release|x64
		{A4D7C5C8-9176-4308-8FAB-455890FAE463}.AppStore|x64.Build.0 = Release|x64
		{A4D7C5C8-9176-4308-8FAB-455890FAE463}.AppStore|x64.Deploy.0 = Release|x64
		{A4D7C5C8-9176-4308-8FAB-455890FAE463}.AppStore|x86.ActiveCfg = Release|x86
		{A4D7C5C8-9176-4308-8FAB-455890FAE463}.AppStore|x86.Build.0 = Release|x86
		{A4D7C5C8-9176-4308-8FAB-455890FAE463}.AppStore|x86.Deploy.0 = Release|x86
		{A4D7C5C8-9176-4308-8FAB-455890FAE463}.Debug|Any CPU.ActiveCfg = Debug|x86
		{A4D7C5C8-9176-4308-8FAB-455890FAE463}.Debug|ARM.ActiveCfg = Debug|ARM
		{A4D7C5C8-9176-4308-8FAB-455890FAE463}.Debug|ARM.Build.0 = Debug|ARM
		{A4D7C5C8-9176-4308-8FAB-455890FAE463}.Debug|ARM.Deploy.0 = Debug|ARM
		{A4D7C5C8-9176-4308-8FAB-455890FAE463}.Debug|ARM64.ActiveCfg = Debug|x86
		{A4D7C5C8-9176-4308-8FAB-455890FAE463}.Debug|iPhone.ActiveCfg = Debug|x86
		{A4D7C5C8-9176-4308-8FAB-455890FAE463}.Debug|iPhoneSimulator.ActiveCfg = Debug|x86
		{A4D7C5C8-9176-4308-8FAB-455890FAE463}.Debug|x64.ActiveCfg = Debug|x64
		{A4D7C5C8-9176-4308-8FAB-455890FAE463}.Debug|x64.Build.0 = Debug|x64
		{A4D7C5C8-9176-4308-8FAB-455890FAE463}.Debug|x64.Deploy.0 = Debug|x64
		{A4D7C5C8-9176-4308-8FAB-455890FAE463}.Debug|x86.ActiveCfg = Debug|x86
		{A4D7C5C8-9176-4308-8FAB-455890FAE463}.Debug|x86.Build.0 = Debug|x86
		{A4D7C5C8-9176-4308-8FAB-455890FAE463}.Debug|x86.Deploy.0 = Debug|x86
		{A4D7C5C8-9176-4308-8FAB-455890FAE463}.Release|Any CPU.ActiveCfg = Release|x86
		{A4D7C5C8-9176-4308-8FAB-455890FAE463}.Release|ARM.ActiveCfg = Release|ARM
		{A4D7C5C8-9176-4308-8FAB-455890FAE463}.Release|ARM.Build.0 = Release|ARM
		{A4D7C5C8-9176-4308-8FAB-455890FAE463}.Release|ARM.Deploy.0 = Release|ARM
		{A4D7C5C8-9176-4308-8FAB-455890FAE463}.Release|ARM64.ActiveCfg = Release|x86
		{A4D7C5C8-9176-4308-8FAB-455890FAE463}.Release|iPhone.ActiveCfg = Release|x86
		{A4D7C5C8-9176-4308-8FAB-455890FAE463}.Release|iPhoneSimulator.ActiveCfg = Release|x86
		{A4D7C5C8-9176-4308-8FAB-455890FAE463}.Release|x64.ActiveCfg = Release|x64
		{A4D7C5C8-9176-4308-8FAB-455890FAE463}.Release|x64.Build.0 = Release|x64
		{A4D7C5C8-9176-4308-8FAB-455890FAE463}.Release|x64.Deploy.0 = Release|x64
		{A4D7C5C8-9176-4308-8FAB-455890FAE463}.Release|x86.ActiveCfg = Release|x86
		{A4D7C5C8-9176-4308-8FAB-455890FAE463}.Release|x86.Build.0 = Release|x86
		{A4D7C5C8-9176-4308-8FAB-455890FAE463}.Release|x86.Deploy.0 = Release|x86
		{D4637DE8-4412-4616-A188-BBFA81B6AAA9}.Ad-Hoc|Any CPU.ActiveCfg = Release|Any CPU
		{D4637DE8-4412-4616-A188-BBFA81B6AAA9}.Ad-Hoc|Any CPU.Build.0 = Release|Any CPU
		{D4637DE8-4412-4616-A188-BBFA81B6AAA9}.Ad-Hoc|ARM.ActiveCfg = Release|Any CPU
		{D4637DE8-4412-4616-A188-BBFA81B6AAA9}.Ad-Hoc|ARM.Build.0 = Release|Any CPU
		{D4637DE8-4412-4616-A188-BBFA81B6AAA9}.Ad-Hoc|ARM64.ActiveCfg = Release|Any CPU
		{D4637DE8-4412-4616-A188-BBFA81B6AAA9}.Ad-Hoc|ARM64.Build.0 = Release|Any CPU
		{D4637DE8-4412-4616-A188-BBFA81B6AAA9}.Ad-Hoc|iPhone.ActiveCfg = Release|Any CPU
		{D4637DE8-4412-4616-A188-BBFA81B6AAA9}.Ad-Hoc|iPhone.Build.0 = Release|Any CPU
		{D4637DE8-4412-4616-A188-BBFA81B6AAA9}.Ad-Hoc|iPhoneSimulator.ActiveCfg = Release|Any CPU
		{D4637DE8-4412-4616-A188-BBFA81B6AAA9}.Ad-Hoc|iPhoneSimulator.Build.0 = Release|Any CPU
		{D4637DE8-4412-4616-A188-BBFA81B6AAA9}.Ad-Hoc|x64.ActiveCfg = Release|Any CPU
		{D4637DE8-4412-4616-A188-BBFA81B6AAA9}.Ad-Hoc|x64.Build.0 = Release|Any CPU
		{D4637DE8-4412-4616-A188-BBFA81B6AAA9}.Ad-Hoc|x86.ActiveCfg = Release|Any CPU
		{D4637DE8-4412-4616-A188-BBFA81B6AAA9}.Ad-Hoc|x86.Build.0 = Release|Any CPU
		{D4637DE8-4412-4616-A188-BBFA81B6AAA9}.AppStore|Any CPU.ActiveCfg = Release|Any CPU
		{D4637DE8-4412-4616-A188-BBFA81B6AAA9}.AppStore|Any CPU.Build.0 = Release|Any CPU
		{D4637DE8-4412-4616-A188-BBFA81B6AAA9}.AppStore|ARM.ActiveCfg = Release|Any CPU
		{D4637DE8-4412-4616-A188-BBFA81B6AAA9}.AppStore|ARM.Build.0 = Release|Any CPU
		{D4637DE8-4412-4616-A188-BBFA81B6AAA9}.AppStore|ARM64.ActiveCfg = Release|Any CPU
		{D4637DE8-4412-4616-A188-BBFA81B6AAA9}.AppStore|ARM64.Build.0 = Release|Any CPU
		{D4637DE8-4412-4616-A188-BBFA81B6AAA9}.AppStore|iPhone.ActiveCfg = Release|Any CPU
		{D4637DE8-4412-4616-A188-BBFA81B6AAA9}.AppStore|iPhone.Build.0 = Release|Any CPU
		{D4637DE8-4412-4616-A188-BBFA81B6AAA9}.AppStore|iPhoneSimulator.ActiveCfg = Release|Any CPU
		{D4637DE8-4412-4616-A188-BBFA81B6AAA9}.AppStore|iPhoneSimulator.Build.0 = Release|Any CPU
		{D4637DE8-4412-4616-A188-BBFA81B6AAA9}.AppStore|x64.ActiveCfg = Release|Any CPU
		{D4637DE8-4412-4616-A188-BBFA81B6AAA9}.AppStore|x64.Build.0 = Release|Any CPU
		{D4637DE8-4412-4616-A188-BBFA81B6AAA9}.AppStore|x86.ActiveCfg = Release|Any CPU
		{D4637DE8-4412-4616-A188-BBFA81B6AAA9}.AppStore|x86.Build.0 = Release|Any CPU
		{D4637DE8-4412-4616-A188-BBFA81B6AAA9}.Debug|Any CPU.ActiveCfg = Debug|Any CPU
		{D4637DE8-4412-4616-A188-BBFA81B6AAA9}.Debug|Any CPU.Build.0 = Debug|Any CPU
		{D4637DE8-4412-4616-A188-BBFA81B6AAA9}.Debug|ARM.ActiveCfg = Debug|Any CPU
		{D4637DE8-4412-4616-A188-BBFA81B6AAA9}.Debug|ARM.Build.0 = Debug|Any CPU
		{D4637DE8-4412-4616-A188-BBFA81B6AAA9}.Debug|ARM64.ActiveCfg = Debug|Any CPU
		{D4637DE8-4412-4616-A188-BBFA81B6AAA9}.Debug|ARM64.Build.0 = Debug|Any CPU
		{D4637DE8-4412-4616-A188-BBFA81B6AAA9}.Debug|iPhone.ActiveCfg = Debug|Any CPU
		{D4637DE8-4412-4616-A188-BBFA81B6AAA9}.Debug|iPhone.Build.0 = Debug|Any CPU
		{D4637DE8-4412-4616-A188-BBFA81B6AAA9}.Debug|iPhoneSimulator.ActiveCfg = Debug|Any CPU
		{D4637DE8-4412-4616-A188-BBFA81B6AAA9}.Debug|iPhoneSimulator.Build.0 = Debug|Any CPU
		{D4637DE8-4412-4616-A188-BBFA81B6AAA9}.Debug|x64.ActiveCfg = Debug|Any CPU
		{D4637DE8-4412-4616-A188-BBFA81B6AAA9}.Debug|x64.Build.0 = Debug|Any CPU
		{D4637DE8-4412-4616-A188-BBFA81B6AAA9}.Debug|x86.ActiveCfg = Debug|Any CPU
		{D4637DE8-4412-4616-A188-BBFA81B6AAA9}.Debug|x86.Build.0 = Debug|Any CPU
		{D4637DE8-4412-4616-A188-BBFA81B6AAA9}.Release|Any CPU.ActiveCfg = Release|Any CPU
		{D4637DE8-4412-4616-A188-BBFA81B6AAA9}.Release|Any CPU.Build.0 = Release|Any CPU
		{D4637DE8-4412-4616-A188-BBFA81B6AAA9}.Release|ARM.ActiveCfg = Release|Any CPU
		{D4637DE8-4412-4616-A188-BBFA81B6AAA9}.Release|ARM.Build.0 = Release|Any CPU
		{D4637DE8-4412-4616-A188-BBFA81B6AAA9}.Release|ARM64.ActiveCfg = Release|Any CPU
		{D4637DE8-4412-4616-A188-BBFA81B6AAA9}.Release|ARM64.Build.0 = Release|Any CPU
		{D4637DE8-4412-4616-A188-BBFA81B6AAA9}.Release|iPhone.ActiveCfg = Release|Any CPU
		{D4637DE8-4412-4616-A188-BBFA81B6AAA9}.Release|iPhone.Build.0 = Release|Any CPU
		{D4637DE8-4412-4616-A188-BBFA81B6AAA9}.Release|iPhoneSimulator.ActiveCfg = Release|Any CPU
		{D4637DE8-4412-4616-A188-BBFA81B6AAA9}.Release|iPhoneSimulator.Build.0 = Release|Any CPU
		{D4637DE8-4412-4616-A188-BBFA81B6AAA9}.Release|x64.ActiveCfg = Release|Any CPU
		{D4637DE8-4412-4616-A188-BBFA81B6AAA9}.Release|x64.Build.0 = Release|Any CPU
		{D4637DE8-4412-4616-A188-BBFA81B6AAA9}.Release|x86.ActiveCfg = Release|Any CPU
		{D4637DE8-4412-4616-A188-BBFA81B6AAA9}.Release|x86.Build.0 = Release|Any CPU
	EndGlobalSection
	GlobalSection(SolutionProperties) = preSolution
		HideSolutionNode = FALSE
	EndGlobalSection
	GlobalSection(ExtensibilityGlobals) = postSolution
		SolutionGuid = {A70ACB6B-FCB3-47F4-A24A-A9886C69769A}
	EndGlobalSection
EndGlobal
